// !$*UTF8*$!
{
	archiveVersion = 1;
	classes = {
	};
	objectVersion = 50;
	objects = {

/* Begin PBXBuildFile section */
		6A0A0DAF214E80D90012EDC2 /* TravMateUITests.swift in Sources */ = {isa = PBXBuildFile; fileRef = 6A0A0DAE214E80D90012EDC2 /* TravMateUITests.swift */; };
		6A3C5347214907F7008A8D45 /* AppDelegate.swift in Sources */ = {isa = PBXBuildFile; fileRef = 6A3C5346214907F7008A8D45 /* AppDelegate.swift */; };
		6A3C5349214907F7008A8D45 /* ViewController.swift in Sources */ = {isa = PBXBuildFile; fileRef = 6A3C5348214907F7008A8D45 /* ViewController.swift */; };
		6A3C534C214907F7008A8D45 /* Main.storyboard in Resources */ = {isa = PBXBuildFile; fileRef = 6A3C534A214907F7008A8D45 /* Main.storyboard */; };
		6A3C534E214907F8008A8D45 /* Assets.xcassets in Resources */ = {isa = PBXBuildFile; fileRef = 6A3C534D214907F8008A8D45 /* Assets.xcassets */; };
		6A3C5351214907F8008A8D45 /* LaunchScreen.storyboard in Resources */ = {isa = PBXBuildFile; fileRef = 6A3C534F214907F8008A8D45 /* LaunchScreen.storyboard */; };
		6A456486214E3BE0003229D7 /* RestaurantRatingController.swift in Sources */ = {isa = PBXBuildFile; fileRef = 6A456485214E3BE0003229D7 /* RestaurantRatingController.swift */; };
		6A4ABF51214A66F00051FD05 /* TripController.swift in Sources */ = {isa = PBXBuildFile; fileRef = 6A4ABF50214A66F00051FD05 /* TripController.swift */; };
		6A4BB72A214B31DB004B7D5B /* TripCollectionViewCell.swift in Sources */ = {isa = PBXBuildFile; fileRef = 6A4BB729214B31DB004B7D5B /* TripCollectionViewCell.swift */; };
		6A6395C82167828D002E8EE8 /* Vacation+CoreDataClass.swift in Sources */ = {isa = PBXBuildFile; fileRef = 6A6395C62167828D002E8EE8 /* Vacation+CoreDataClass.swift */; };
		6A6395C92167828D002E8EE8 /* Vacation+CoreDataProperties.swift in Sources */ = {isa = PBXBuildFile; fileRef = 6A6395C72167828D002E8EE8 /* Vacation+CoreDataProperties.swift */; };
		6A650A222165A3D700069E95 /* TravMateCoreData.xcdatamodeld in Sources */ = {isa = PBXBuildFile; fileRef = 6A650A202165A3D700069E95 /* TravMateCoreData.xcdatamodeld */; };
		6A6DBB4421493ED8007FA7C9 /* Model.swift in Sources */ = {isa = PBXBuildFile; fileRef = 6A6DBB4321493ED8007FA7C9 /* Model.swift */; };
		6A7C10BE214DF41F006FC48F /* HotelRatingController.swift in Sources */ = {isa = PBXBuildFile; fileRef = 6A7C10BD214DF41F006FC48F /* HotelRatingController.swift */; };
		6A865AEB214BB32C009888B6 /* Flight.swift in Sources */ = {isa = PBXBuildFile; fileRef = 6A865AEA214BB32C009888B6 /* Flight.swift */; };
		6A865AED214BB337009888B6 /* Hotel.swift in Sources */ = {isa = PBXBuildFile; fileRef = 6A865AEC214BB337009888B6 /* Hotel.swift */; };
		6A865AEF214BB344009888B6 /* Restaurant.swift in Sources */ = {isa = PBXBuildFile; fileRef = 6A865AEE214BB344009888B6 /* Restaurant.swift */; };
		6A865AF3214BC7D8009888B6 /* TripDetailsController.swift in Sources */ = {isa = PBXBuildFile; fileRef = 6A865AF2214BC7D8009888B6 /* TripDetailsController.swift */; };
		6A865AF5214BD0E4009888B6 /* FlightDetailsController.swift in Sources */ = {isa = PBXBuildFile; fileRef = 6A865AF4214BD0E4009888B6 /* FlightDetailsController.swift */; };
		6A865AF7214BD127009888B6 /* HotelDetailsController.swift in Sources */ = {isa = PBXBuildFile; fileRef = 6A865AF6214BD127009888B6 /* HotelDetailsController.swift */; };
		6A865AF9214BD145009888B6 /* RestaurantDetailsController.swift in Sources */ = {isa = PBXBuildFile; fileRef = 6A865AF8214BD145009888B6 /* RestaurantDetailsController.swift */; };
		6ADBFD392149F80D006C09DA /* Trip.swift in Sources */ = {isa = PBXBuildFile; fileRef = 6ADBFD382149F80D006C09DA /* Trip.swift */; };
		BEF690FE214F604D00C34240 /* TabbyController.swift in Sources */ = {isa = PBXBuildFile; fileRef = BEF690FD214F604D00C34240 /* TabbyController.swift */; };
/* End PBXBuildFile section */

/* Begin PBXContainerItemProxy section */
		6A0A0DB1214E80D90012EDC2 /* PBXContainerItemProxy */ = {
			isa = PBXContainerItemProxy;
			containerPortal = 6A3C533B214907F7008A8D45 /* Project object */;
			proxyType = 1;
			remoteGlobalIDString = 6A3C5342214907F7008A8D45;
			remoteInfo = TravMate;
		};
/* End PBXContainerItemProxy section */

/* Begin PBXFileReference section */
		6A0A0DAC214E80D90012EDC2 /* TravMateUITests.xctest */ = {isa = PBXFileReference; explicitFileType = wrapper.cfbundle; includeInIndex = 0; path = TravMateUITests.xctest; sourceTree = BUILT_PRODUCTS_DIR; };
		6A0A0DAE214E80D90012EDC2 /* TravMateUITests.swift */ = {isa = PBXFileReference; lastKnownFileType = sourcecode.swift; path = TravMateUITests.swift; sourceTree = "<group>"; };
		6A0A0DB0214E80D90012EDC2 /* Info.plist */ = {isa = PBXFileReference; lastKnownFileType = text.plist.xml; path = Info.plist; sourceTree = "<group>"; };
		6A3C5343214907F7008A8D45 /* TravMate.app */ = {isa = PBXFileReference; explicitFileType = wrapper.application; includeInIndex = 0; path = TravMate.app; sourceTree = BUILT_PRODUCTS_DIR; };
		6A3C5346214907F7008A8D45 /* AppDelegate.swift */ = {isa = PBXFileReference; lastKnownFileType = sourcecode.swift; path = AppDelegate.swift; sourceTree = "<group>"; };
		6A3C5348214907F7008A8D45 /* ViewController.swift */ = {isa = PBXFileReference; lastKnownFileType = sourcecode.swift; path = ViewController.swift; sourceTree = "<group>"; };
		6A3C534B214907F7008A8D45 /* Base */ = {isa = PBXFileReference; lastKnownFileType = file.storyboard; name = Base; path = Base.lproj/Main.storyboard; sourceTree = "<group>"; };
		6A3C534D214907F8008A8D45 /* Assets.xcassets */ = {isa = PBXFileReference; lastKnownFileType = folder.assetcatalog; path = Assets.xcassets; sourceTree = "<group>"; };
		6A3C5350214907F8008A8D45 /* Base */ = {isa = PBXFileReference; lastKnownFileType = file.storyboard; name = Base; path = Base.lproj/LaunchScreen.storyboard; sourceTree = "<group>"; };
		6A3C5352214907F8008A8D45 /* Info.plist */ = {isa = PBXFileReference; lastKnownFileType = text.plist.xml; path = Info.plist; sourceTree = "<group>"; };
		6A456485214E3BE0003229D7 /* RestaurantRatingController.swift */ = {isa = PBXFileReference; lastKnownFileType = sourcecode.swift; path = RestaurantRatingController.swift; sourceTree = "<group>"; };
		6A4ABF50214A66F00051FD05 /* TripController.swift */ = {isa = PBXFileReference; lastKnownFileType = sourcecode.swift; path = TripController.swift; sourceTree = "<group>"; };
		6A4BB729214B31DB004B7D5B /* TripCollectionViewCell.swift */ = {isa = PBXFileReference; lastKnownFileType = sourcecode.swift; name = TripCollectionViewCell.swift; path = TravMate/Controller/TripCollectionViewCell.swift; sourceTree = SOURCE_ROOT; };
		6A6395C62167828D002E8EE8 /* Vacation+CoreDataClass.swift */ = {isa = PBXFileReference; lastKnownFileType = sourcecode.swift; path = "Vacation+CoreDataClass.swift"; sourceTree = "<group>"; };
		6A6395C72167828D002E8EE8 /* Vacation+CoreDataProperties.swift */ = {isa = PBXFileReference; lastKnownFileType = sourcecode.swift; path = "Vacation+CoreDataProperties.swift"; sourceTree = "<group>"; };
		6A650A212165A3D700069E95 /* TravMateCoreData.xcdatamodel */ = {isa = PBXFileReference; lastKnownFileType = wrapper.xcdatamodel; path = TravMateCoreData.xcdatamodel; sourceTree = "<group>"; };
		6A6DBB4321493ED8007FA7C9 /* Model.swift */ = {isa = PBXFileReference; lastKnownFileType = sourcecode.swift; path = Model.swift; sourceTree = "<group>"; };
		6A7C10BD214DF41F006FC48F /* HotelRatingController.swift */ = {isa = PBXFileReference; lastKnownFileType = sourcecode.swift; path = HotelRatingController.swift; sourceTree = "<group>"; };
		6A865AEA214BB32C009888B6 /* Flight.swift */ = {isa = PBXFileReference; lastKnownFileType = sourcecode.swift; path = Flight.swift; sourceTree = "<group>"; };
		6A865AEC214BB337009888B6 /* Hotel.swift */ = {isa = PBXFileReference; lastKnownFileType = sourcecode.swift; path = Hotel.swift; sourceTree = "<group>"; };
		6A865AEE214BB344009888B6 /* Restaurant.swift */ = {isa = PBXFileReference; lastKnownFileType = sourcecode.swift; path = Restaurant.swift; sourceTree = "<group>"; };
		6A865AF2214BC7D8009888B6 /* TripDetailsController.swift */ = {isa = PBXFileReference; lastKnownFileType = sourcecode.swift; path = TripDetailsController.swift; sourceTree = "<group>"; };
		6A865AF4214BD0E4009888B6 /* FlightDetailsController.swift */ = {isa = PBXFileReference; lastKnownFileType = sourcecode.swift; path = FlightDetailsController.swift; sourceTree = "<group>"; };
		6A865AF6214BD127009888B6 /* HotelDetailsController.swift */ = {isa = PBXFileReference; lastKnownFileType = sourcecode.swift; path = HotelDetailsController.swift; sourceTree = "<group>"; };
		6A865AF8214BD145009888B6 /* RestaurantDetailsController.swift */ = {isa = PBXFileReference; lastKnownFileType = sourcecode.swift; path = RestaurantDetailsController.swift; sourceTree = "<group>"; };
		6ADBFD382149F80D006C09DA /* Trip.swift */ = {isa = PBXFileReference; lastKnownFileType = sourcecode.swift; path = Trip.swift; sourceTree = "<group>"; };
		BEF690FD214F604D00C34240 /* TabbyController.swift */ = {isa = PBXFileReference; lastKnownFileType = sourcecode.swift; path = TabbyController.swift; sourceTree = "<group>"; };
/* End PBXFileReference section */

/* Begin PBXFrameworksBuildPhase section */
		6A0A0DA9214E80D90012EDC2 /* Frameworks */ = {
			isa = PBXFrameworksBuildPhase;
			buildActionMask = 2147483647;
			files = (
			);
			runOnlyForDeploymentPostprocessing = 0;
		};
		6A3C5340214907F7008A8D45 /* Frameworks */ = {
			isa = PBXFrameworksBuildPhase;
			buildActionMask = 2147483647;
			files = (
			);
			runOnlyForDeploymentPostprocessing = 0;
		};
/* End PBXFrameworksBuildPhase section */

/* Begin PBXGroup section */
		6A0A0DAD214E80D90012EDC2 /* TravMateUITests */ = {
			isa = PBXGroup;
			children = (
				6A0A0DAE214E80D90012EDC2 /* TravMateUITests.swift */,
				6A0A0DB0214E80D90012EDC2 /* Info.plist */,
			);
			path = TravMateUITests;
			sourceTree = "<group>";
		};
		6A3C533A214907F7008A8D45 = {
			isa = PBXGroup;
			children = (
				6A3C5345214907F7008A8D45 /* TravMate */,
				6A0A0DAD214E80D90012EDC2 /* TravMateUITests */,
				6A3C5344214907F7008A8D45 /* Products */,
			);
			sourceTree = "<group>";
		};
		6A3C5344214907F7008A8D45 /* Products */ = {
			isa = PBXGroup;
			children = (
				6A3C5343214907F7008A8D45 /* TravMate.app */,
				6A0A0DAC214E80D90012EDC2 /* TravMateUITests.xctest */,
			);
			name = Products;
			sourceTree = "<group>";
		};
		6A3C5345214907F7008A8D45 /* TravMate */ = {
			isa = PBXGroup;
			children = (
				6A6DBB4221493ECC007FA7C9 /* Model */,
				6A74D213214909BB00E4359F /* View */,
				6A74D212214909B400E4359F /* Controller */,
				6A3C5346214907F7008A8D45 /* AppDelegate.swift */,
				6A3C534D214907F8008A8D45 /* Assets.xcassets */,
				6A3C534F214907F8008A8D45 /* LaunchScreen.storyboard */,
				6A3C5352214907F8008A8D45 /* Info.plist */,
				6A650A202165A3D700069E95 /* TravMateCoreData.xcdatamodeld */,
			);
			path = TravMate;
			sourceTree = "<group>";
		};
		6A6DBB4221493ECC007FA7C9 /* Model */ = {
			isa = PBXGroup;
			children = (
				6A6395C62167828D002E8EE8 /* Vacation+CoreDataClass.swift */,
				6A6395C72167828D002E8EE8 /* Vacation+CoreDataProperties.swift */,
				6A6DBB4321493ED8007FA7C9 /* Model.swift */,
				6ADBFD382149F80D006C09DA /* Trip.swift */,
				6A865AEA214BB32C009888B6 /* Flight.swift */,
				6A865AEC214BB337009888B6 /* Hotel.swift */,
				6A865AEE214BB344009888B6 /* Restaurant.swift */,
			);
			path = Model;
			sourceTree = "<group>";
		};
		6A74D212214909B400E4359F /* Controller */ = {
			isa = PBXGroup;
			children = (
				6A3C5348214907F7008A8D45 /* ViewController.swift */,
				6A4ABF50214A66F00051FD05 /* TripController.swift */,
				6A865AF2214BC7D8009888B6 /* TripDetailsController.swift */,
				6A4BB729214B31DB004B7D5B /* TripCollectionViewCell.swift */,
				6A865AF4214BD0E4009888B6 /* FlightDetailsController.swift */,
				6A865AF6214BD127009888B6 /* HotelDetailsController.swift */,
				6A7C10BD214DF41F006FC48F /* HotelRatingController.swift */,
				6A865AF8214BD145009888B6 /* RestaurantDetailsController.swift */,
				6A456485214E3BE0003229D7 /* RestaurantRatingController.swift */,
				BEF690FD214F604D00C34240 /* TabbyController.swift */,
			);
			path = Controller;
			sourceTree = "<group>";
		};
		6A74D213214909BB00E4359F /* View */ = {
			isa = PBXGroup;
			children = (
				6A3C534A214907F7008A8D45 /* Main.storyboard */,
			);
			path = View;
			sourceTree = "<group>";
		};
/* End PBXGroup section */

/* Begin PBXNativeTarget section */
		6A0A0DAB214E80D90012EDC2 /* TravMateUITests */ = {
			isa = PBXNativeTarget;
			buildConfigurationList = 6A0A0DB5214E80D90012EDC2 /* Build configuration list for PBXNativeTarget "TravMateUITests" */;
			buildPhases = (
				6A0A0DA8214E80D90012EDC2 /* Sources */,
				6A0A0DA9214E80D90012EDC2 /* Frameworks */,
				6A0A0DAA214E80D90012EDC2 /* Resources */,
			);
			buildRules = (
			);
			dependencies = (
				6A0A0DB2214E80D90012EDC2 /* PBXTargetDependency */,
			);
			name = TravMateUITests;
			productName = TravMateUITests;
			productReference = 6A0A0DAC214E80D90012EDC2 /* TravMateUITests.xctest */;
			productType = "com.apple.product-type.bundle.ui-testing";
		};
		6A3C5342214907F7008A8D45 /* TravMate */ = {
			isa = PBXNativeTarget;
			buildConfigurationList = 6A3C5355214907F8008A8D45 /* Build configuration list for PBXNativeTarget "TravMate" */;
			buildPhases = (
				6A3C533F214907F7008A8D45 /* Sources */,
				6A3C5340214907F7008A8D45 /* Frameworks */,
				6A3C5341214907F7008A8D45 /* Resources */,
			);
			buildRules = (
			);
			dependencies = (
			);
			name = TravMate;
			productName = TravMate;
			productReference = 6A3C5343214907F7008A8D45 /* TravMate.app */;
			productType = "com.apple.product-type.application";
		};
/* End PBXNativeTarget section */

/* Begin PBXProject section */
		6A3C533B214907F7008A8D45 /* Project object */ = {
			isa = PBXProject;
			attributes = {
				LastSwiftUpdateCheck = 0940;
				LastUpgradeCheck = 0940;
				ORGANIZATIONNAME = RMIT;
				TargetAttributes = {
					6A0A0DAB214E80D90012EDC2 = {
						CreatedOnToolsVersion = 9.4.1;
						TestTargetID = 6A3C5342214907F7008A8D45;
					};
					6A3C5342214907F7008A8D45 = {
						CreatedOnToolsVersion = 9.4.1;
					};
				};
			};
			buildConfigurationList = 6A3C533E214907F7008A8D45 /* Build configuration list for PBXProject "TravMate" */;
			compatibilityVersion = "Xcode 9.3";
			developmentRegion = en;
			hasScannedForEncodings = 0;
			knownRegions = (
				en,
				Base,
			);
			mainGroup = 6A3C533A214907F7008A8D45;
			productRefGroup = 6A3C5344214907F7008A8D45 /* Products */;
			projectDirPath = "";
			projectRoot = "";
			targets = (
				6A3C5342214907F7008A8D45 /* TravMate */,
				6A0A0DAB214E80D90012EDC2 /* TravMateUITests */,
			);
		};
/* End PBXProject section */

/* Begin PBXResourcesBuildPhase section */
		6A0A0DAA214E80D90012EDC2 /* Resources */ = {
			isa = PBXResourcesBuildPhase;
			buildActionMask = 2147483647;
			files = (
			);
			runOnlyForDeploymentPostprocessing = 0;
		};
		6A3C5341214907F7008A8D45 /* Resources */ = {
			isa = PBXResourcesBuildPhase;
			buildActionMask = 2147483647;
			files = (
				6A3C5351214907F8008A8D45 /* LaunchScreen.storyboard in Resources */,
				6A3C534E214907F8008A8D45 /* Assets.xcassets in Resources */,
				6A3C534C214907F7008A8D45 /* Main.storyboard in Resources */,
			);
			runOnlyForDeploymentPostprocessing = 0;
		};
/* End PBXResourcesBuildPhase section */

/* Begin PBXSourcesBuildPhase section */
		6A0A0DA8214E80D90012EDC2 /* Sources */ = {
			isa = PBXSourcesBuildPhase;
			buildActionMask = 2147483647;
			files = (
				6A0A0DAF214E80D90012EDC2 /* TravMateUITests.swift in Sources */,
			);
			runOnlyForDeploymentPostprocessing = 0;
		};
		6A3C533F214907F7008A8D45 /* Sources */ = {
			isa = PBXSourcesBuildPhase;
			buildActionMask = 2147483647;
			files = (
				6A4ABF51214A66F00051FD05 /* TripController.swift in Sources */,
				6A865AF3214BC7D8009888B6 /* TripDetailsController.swift in Sources */,
				6ADBFD392149F80D006C09DA /* Trip.swift in Sources */,
				6A6395C92167828D002E8EE8 /* Vacation+CoreDataProperties.swift in Sources */,
				6A865AED214BB337009888B6 /* Hotel.swift in Sources */,
				6A6DBB4421493ED8007FA7C9 /* Model.swift in Sources */,
				6A650A222165A3D700069E95 /* TravMateCoreData.xcdatamodeld in Sources */,
				6A7C10BE214DF41F006FC48F /* HotelRatingController.swift in Sources */,
				BEF690FE214F604D00C34240 /* TabbyController.swift in Sources */,
				6A865AF5214BD0E4009888B6 /* FlightDetailsController.swift in Sources */,
				6A3C5349214907F7008A8D45 /* ViewController.swift in Sources */,
				6A3C5347214907F7008A8D45 /* AppDelegate.swift in Sources */,
				6A4BB72A214B31DB004B7D5B /* TripCollectionViewCell.swift in Sources */,
				6A456486214E3BE0003229D7 /* RestaurantRatingController.swift in Sources */,
				6A865AF7214BD127009888B6 /* HotelDetailsController.swift in Sources */,
				6A6395C82167828D002E8EE8 /* Vacation+CoreDataClass.swift in Sources */,
				6A865AEB214BB32C009888B6 /* Flight.swift in Sources */,
				6A865AF9214BD145009888B6 /* RestaurantDetailsController.swift in Sources */,
				6A865AEF214BB344009888B6 /* Restaurant.swift in Sources */,
			);
			runOnlyForDeploymentPostprocessing = 0;
		};
/* End PBXSourcesBuildPhase section */

/* Begin PBXTargetDependency section */
		6A0A0DB2214E80D90012EDC2 /* PBXTargetDependency */ = {
			isa = PBXTargetDependency;
			target = 6A3C5342214907F7008A8D45 /* TravMate */;
			targetProxy = 6A0A0DB1214E80D90012EDC2 /* PBXContainerItemProxy */;
		};
/* End PBXTargetDependency section */

/* Begin PBXVariantGroup section */
		6A3C534A214907F7008A8D45 /* Main.storyboard */ = {
			isa = PBXVariantGroup;
			children = (
				6A3C534B214907F7008A8D45 /* Base */,
			);
			name = Main.storyboard;
			sourceTree = "<group>";
		};
		6A3C534F214907F8008A8D45 /* LaunchScreen.storyboard */ = {
			isa = PBXVariantGroup;
			children = (
				6A3C5350214907F8008A8D45 /* Base */,
			);
			name = LaunchScreen.storyboard;
			sourceTree = "<group>";
		};
/* End PBXVariantGroup section */

/* Begin XCBuildConfiguration section */
		6A0A0DB3214E80D90012EDC2 /* Debug */ = {
			isa = XCBuildConfiguration;
			buildSettings = {
				CODE_SIGN_STYLE = Automatic;
				INFOPLIST_FILE = TravMateUITests/Info.plist;
				LD_RUNPATH_SEARCH_PATHS = (
					"$(inherited)",
					"@executable_path/Frameworks",
					"@loader_path/Frameworks",
				);
				PRODUCT_BUNDLE_IDENTIFIER = au.edu.rmit.s3665980.TravMateUITests;
				PRODUCT_NAME = "$(TARGET_NAME)";
				SWIFT_VERSION = 4.0;
				TARGETED_DEVICE_FAMILY = "1,2";
				TEST_TARGET_NAME = TravMate;
			};
			name = Debug;
		};
		6A0A0DB4214E80D90012EDC2 /* Release */ = {
			isa = XCBuildConfiguration;
			buildSettings = {
				CODE_SIGN_STYLE = Automatic;
				INFOPLIST_FILE = TravMateUITests/Info.plist;
				LD_RUNPATH_SEARCH_PATHS = (
					"$(inherited)",
					"@executable_path/Frameworks",
					"@loader_path/Frameworks",
				);
				PRODUCT_BUNDLE_IDENTIFIER = au.edu.rmit.s3665980.TravMateUITests;
				PRODUCT_NAME = "$(TARGET_NAME)";
				SWIFT_VERSION = 4.0;
				TARGETED_DEVICE_FAMILY = "1,2";
				TEST_TARGET_NAME = TravMate;
			};
			name = Release;
		};
		6A3C5353214907F8008A8D45 /* Debug */ = {
			isa = XCBuildConfiguration;
			buildSettings = {
				ALWAYS_SEARCH_USER_PATHS = NO;
				CLANG_ANALYZER_NONNULL = YES;
				CLANG_ANALYZER_NUMBER_OBJECT_CONVERSION = YES_AGGRESSIVE;
				CLANG_CXX_LANGUAGE_STANDARD = "gnu++14";
				CLANG_CXX_LIBRARY = "libc++";
				CLANG_ENABLE_MODULES = YES;
				CLANG_ENABLE_OBJC_ARC = YES;
				CLANG_ENABLE_OBJC_WEAK = YES;
				CLANG_WARN_BLOCK_CAPTURE_AUTORELEASING = YES;
				CLANG_WARN_BOOL_CONVERSION = YES;
				CLANG_WARN_COMMA = YES;
				CLANG_WARN_CONSTANT_CONVERSION = YES;
				CLANG_WARN_DEPRECATED_OBJC_IMPLEMENTATIONS = YES;
				CLANG_WARN_DIRECT_OBJC_ISA_USAGE = YES_ERROR;
				CLANG_WARN_DOCUMENTATION_COMMENTS = YES;
				CLANG_WARN_EMPTY_BODY = YES;
				CLANG_WARN_ENUM_CONVERSION = YES;
				CLANG_WARN_INFINITE_RECURSION = YES;
				CLANG_WARN_INT_CONVERSION = YES;
				CLANG_WARN_NON_LITERAL_NULL_CONVERSION = YES;
				CLANG_WARN_OBJC_IMPLICIT_RETAIN_SELF = YES;
				CLANG_WARN_OBJC_LITERAL_CONVERSION = YES;
				CLANG_WARN_OBJC_ROOT_CLASS = YES_ERROR;
				CLANG_WARN_RANGE_LOOP_ANALYSIS = YES;
				CLANG_WARN_STRICT_PROTOTYPES = YES;
				CLANG_WARN_SUSPICIOUS_MOVE = YES;
				CLANG_WARN_UNGUARDED_AVAILABILITY = YES_AGGRESSIVE;
				CLANG_WARN_UNREACHABLE_CODE = YES;
				CLANG_WARN__DUPLICATE_METHOD_MATCH = YES;
				CODE_SIGN_IDENTITY = "iPhone Developer";
				COPY_PHASE_STRIP = NO;
				DEBUG_INFORMATION_FORMAT = dwarf;
				ENABLE_STRICT_OBJC_MSGSEND = YES;
				ENABLE_TESTABILITY = YES;
				GCC_C_LANGUAGE_STANDARD = gnu11;
				GCC_DYNAMIC_NO_PIC = NO;
				GCC_NO_COMMON_BLOCKS = YES;
				GCC_OPTIMIZATION_LEVEL = 0;
				GCC_PREPROCESSOR_DEFINITIONS = (
					"DEBUG=1",
					"$(inherited)",
				);
				GCC_WARN_64_TO_32_BIT_CONVERSION = YES;
				GCC_WARN_ABOUT_RETURN_TYPE = YES_ERROR;
				GCC_WARN_UNDECLARED_SELECTOR = YES;
				GCC_WARN_UNINITIALIZED_AUTOS = YES_AGGRESSIVE;
				GCC_WARN_UNUSED_FUNCTION = YES;
				GCC_WARN_UNUSED_VARIABLE = YES;
				IPHONEOS_DEPLOYMENT_TARGET = 11.4;
				MTL_ENABLE_DEBUG_INFO = YES;
				ONLY_ACTIVE_ARCH = YES;
				SDKROOT = iphoneos;
				SWIFT_ACTIVE_COMPILATION_CONDITIONS = DEBUG;
				SWIFT_OPTIMIZATION_LEVEL = "-Onone";
			};
			name = Debug;
		};
		6A3C5354214907F8008A8D45 /* Release */ = {
			isa = XCBuildConfiguration;
			buildSettings = {
				ALWAYS_SEARCH_USER_PATHS = NO;
				CLANG_ANALYZER_NONNULL = YES;
				CLANG_ANALYZER_NUMBER_OBJECT_CONVERSION = YES_AGGRESSIVE;
				CLANG_CXX_LANGUAGE_STANDARD = "gnu++14";
				CLANG_CXX_LIBRARY = "libc++";
				CLANG_ENABLE_MODULES = YES;
				CLANG_ENABLE_OBJC_ARC = YES;
				CLANG_ENABLE_OBJC_WEAK = YES;
				CLANG_WARN_BLOCK_CAPTURE_AUTORELEASING = YES;
				CLANG_WARN_BOOL_CONVERSION = YES;
				CLANG_WARN_COMMA = YES;
				CLANG_WARN_CONSTANT_CONVERSION = YES;
				CLANG_WARN_DEPRECATED_OBJC_IMPLEMENTATIONS = YES;
				CLANG_WARN_DIRECT_OBJC_ISA_USAGE = YES_ERROR;
				CLANG_WARN_DOCUMENTATION_COMMENTS = YES;
				CLANG_WARN_EMPTY_BODY = YES;
				CLANG_WARN_ENUM_CONVERSION = YES;
				CLANG_WARN_INFINITE_RECURSION = YES;
				CLANG_WARN_INT_CONVERSION = YES;
				CLANG_WARN_NON_LITERAL_NULL_CONVERSION = YES;
				CLANG_WARN_OBJC_IMPLICIT_RETAIN_SELF = YES;
				CLANG_WARN_OBJC_LITERAL_CONVERSION = YES;
				CLANG_WARN_OBJC_ROOT_CLASS = YES_ERROR;
				CLANG_WARN_RANGE_LOOP_ANALYSIS = YES;
				CLANG_WARN_STRICT_PROTOTYPES = YES;
				CLANG_WARN_SUSPICIOUS_MOVE = YES;
				CLANG_WARN_UNGUARDED_AVAILABILITY = YES_AGGRESSIVE;
				CLANG_WARN_UNREACHABLE_CODE = YES;
				CLANG_WARN__DUPLICATE_METHOD_MATCH = YES;
				CODE_SIGN_IDENTITY = "iPhone Developer";
				COPY_PHASE_STRIP = NO;
				DEBUG_INFORMATION_FORMAT = "dwarf-with-dsym";
				ENABLE_NS_ASSERTIONS = NO;
				ENABLE_STRICT_OBJC_MSGSEND = YES;
				GCC_C_LANGUAGE_STANDARD = gnu11;
				GCC_NO_COMMON_BLOCKS = YES;
				GCC_WARN_64_TO_32_BIT_CONVERSION = YES;
				GCC_WARN_ABOUT_RETURN_TYPE = YES_ERROR;
				GCC_WARN_UNDECLARED_SELECTOR = YES;
				GCC_WARN_UNINITIALIZED_AUTOS = YES_AGGRESSIVE;
				GCC_WARN_UNUSED_FUNCTION = YES;
				GCC_WARN_UNUSED_VARIABLE = YES;
				IPHONEOS_DEPLOYMENT_TARGET = 11.4;
				MTL_ENABLE_DEBUG_INFO = NO;
				SDKROOT = iphoneos;
				SWIFT_COMPILATION_MODE = wholemodule;
				SWIFT_OPTIMIZATION_LEVEL = "-O";
				VALIDATE_PRODUCT = YES;
			};
			name = Release;
		};
		6A3C5356214907F8008A8D45 /* Debug */ = {
			isa = XCBuildConfiguration;
			buildSettings = {
				ASSETCATALOG_COMPILER_APPICON_NAME = AppIcon;
				CODE_SIGN_IDENTITY = "iPhone Developer";
				CODE_SIGN_STYLE = Automatic;
				DEVELOPMENT_TEAM = 7J9Q95JEDB;
				INFOPLIST_FILE = TravMate/Info.plist;
				LD_RUNPATH_SEARCH_PATHS = (
					"$(inherited)",
					"@executable_path/Frameworks",
				);
				PRODUCT_BUNDLE_IDENTIFIER = au.edu.rmit.TravMate;
				PRODUCT_NAME = "$(TARGET_NAME)";
				PROVISIONING_PROFILE_SPECIFIER = "";
				SWIFT_VERSION = 4.0;
				TARGETED_DEVICE_FAMILY = "1,2";
			};
			name = Debug;
		};
		6A3C5357214907F8008A8D45 /* Release */ = {
			isa = XCBuildConfiguration;
			buildSettings = {
				ASSETCATALOG_COMPILER_APPICON_NAME = AppIcon;
				CODE_SIGN_IDENTITY = "iPhone Developer";
				CODE_SIGN_STYLE = Automatic;
				DEVELOPMENT_TEAM = 7J9Q95JEDB;
				INFOPLIST_FILE = TravMate/Info.plist;
				LD_RUNPATH_SEARCH_PATHS = (
					"$(inherited)",
					"@executable_path/Frameworks",
				);
				PRODUCT_BUNDLE_IDENTIFIER = au.edu.rmit.TravMate;
				PRODUCT_NAME = "$(TARGET_NAME)";
				PROVISIONING_PROFILE_SPECIFIER = "";
				SWIFT_VERSION = 4.0;
				TARGETED_DEVICE_FAMILY = "1,2";
			};
			name = Release;
		};
/* End XCBuildConfiguration section */

/* Begin XCConfigurationList section */
		6A0A0DB5214E80D90012EDC2 /* Build configuration list for PBXNativeTarget "TravMateUITests" */ = {
			isa = XCConfigurationList;
			buildConfigurations = (
				6A0A0DB3214E80D90012EDC2 /* Debug */,
				6A0A0DB4214E80D90012EDC2 /* Release */,
			);
			defaultConfigurationIsVisible = 0;
			defaultConfigurationName = Release;
		};
		6A3C533E214907F7008A8D45 /* Build configuration list for PBXProject "TravMate" */ = {
			isa = XCConfigurationList;
			buildConfigurations = (
				6A3C5353214907F8008A8D45 /* Debug */,
				6A3C5354214907F8008A8D45 /* Release */,
			);
			defaultConfigurationIsVisible = 0;
			defaultConfigurationName = Release;
		};
		6A3C5355214907F8008A8D45 /* Build configuration list for PBXNativeTarget "TravMate" */ = {
			isa = XCConfigurationList;
			buildConfigurations = (
				6A3C5356214907F8008A8D45 /* Debug */,
				6A3C5357214907F8008A8D45 /* Release */,
			);
			defaultConfigurationIsVisible = 0;
			defaultConfigurationName = Release;
		};
/* End XCConfigurationList section */

/* Begin XCVersionGroup section */
		6A650A202165A3D700069E95 /* TravMateCoreData.xcdatamodeld */ = {
			isa = XCVersionGroup;
			children = (
				6A650A212165A3D700069E95 /* TravMateCoreData.xcdatamodel */,
			);
			currentVersion = 6A650A212165A3D700069E95 /* TravMateCoreData.xcdatamodel */;
			path = TravMateCoreData.xcdatamodeld;
			sourceTree = "<group>";
			versionGroupType = wrapper.xcdatamodel;
		};
/* End XCVersionGroup section */
	};
	rootObject = 6A3C533B214907F7008A8D45 /* Project object */;
}
